// !$*UTF8*$!
{
	archiveVersion = 1;
	classes = {
	};
	objectVersion = 50;
	objects = {

/* Begin PBXBuildFile section */
		9C254F5A21C9E3E500028993 /* Double+Extensions.swift in Sources */ = {isa = PBXBuildFile; fileRef = 9C254F5921C9E3E500028993 /* Double+Extensions.swift */; };
		9C254F5C21C9EFBE00028993 /* SettingsTableViewController.swift in Sources */ = {isa = PBXBuildFile; fileRef = 9C254F5B21C9EFBE00028993 /* SettingsTableViewController.swift */; };
		9C254F5E21C9F18800028993 /* SettingsViewModel.swift in Sources */ = {isa = PBXBuildFile; fileRef = 9C254F5D21C9F18800028993 /* SettingsViewModel.swift */; };
		9C67252F21BFD2BB00918128 /* AppDelegate.swift in Sources */ = {isa = PBXBuildFile; fileRef = 9C67252E21BFD2BB00918128 /* AppDelegate.swift */; };
		9C67253421BFD2BB00918128 /* Main.storyboard in Resources */ = {isa = PBXBuildFile; fileRef = 9C67253221BFD2BB00918128 /* Main.storyboard */; };
		9C67253621BFD2BD00918128 /* Assets.xcassets in Resources */ = {isa = PBXBuildFile; fileRef = 9C67253521BFD2BD00918128 /* Assets.xcassets */; };
		9C67253921BFD2BD00918128 /* LaunchScreen.storyboard in Resources */ = {isa = PBXBuildFile; fileRef = 9C67253721BFD2BD00918128 /* LaunchScreen.storyboard */; };
		9C67254421BFD62500918128 /* AddCityViewController.swift in Sources */ = {isa = PBXBuildFile; fileRef = 9C67254321BFD62500918128 /* AddCityViewController.swift */; };
		9C67254621BFD67A00918128 /* WeatherUpdatesTableViewController.swift in Sources */ = {isa = PBXBuildFile; fileRef = 9C67254521BFD67A00918128 /* WeatherUpdatesTableViewController.swift */; };
		9CA2400C21C97BDD00690A13 /* Webservice.swift in Sources */ = {isa = PBXBuildFile; fileRef = 9CA2400B21C97BDD00690A13 /* Webservice.swift */; };
		9CA2400F21C9A5E900690A13 /* WeatherListViewModel.swift in Sources */ = {isa = PBXBuildFile; fileRef = 9CA2400E21C9A5E900690A13 /* WeatherListViewModel.swift */; };
/* End PBXBuildFile section */

/* Begin PBXFileReference section */
		9C254F5921C9E3E500028993 /* Double+Extensions.swift */ = {isa = PBXFileReference; lastKnownFileType = sourcecode.swift; path = "Double+Extensions.swift"; sourceTree = "<group>"; };
		9C254F5B21C9EFBE00028993 /* SettingsTableViewController.swift */ = {isa = PBXFileReference; lastKnownFileType = sourcecode.swift; path = SettingsTableViewController.swift; sourceTree = "<group>"; };
		9C254F5D21C9F18800028993 /* SettingsViewModel.swift */ = {isa = PBXFileReference; lastKnownFileType = sourcecode.swift; path = SettingsViewModel.swift; sourceTree = "<group>"; };
		9C67252B21BFD2BB00918128 /* MVVM_WeatherApplication.app */ = {isa = PBXFileReference; explicitFileType = wrapper.application; includeInIndex = 0; path = MVVM_WeatherApplication.app; sourceTree = BUILT_PRODUCTS_DIR; };
		9C67252E21BFD2BB00918128 /* AppDelegate.swift */ = {isa = PBXFileReference; lastKnownFileType = sourcecode.swift; path = AppDelegate.swift; sourceTree = "<group>"; };
		9C67253321BFD2BB00918128 /* Base */ = {isa = PBXFileReference; lastKnownFileType = file.storyboard; name = Base; path = Base.lproj/Main.storyboard; sourceTree = "<group>"; };
		9C67253521BFD2BD00918128 /* Assets.xcassets */ = {isa = PBXFileReference; lastKnownFileType = folder.assetcatalog; path = Assets.xcassets; sourceTree = "<group>"; };
		9C67253821BFD2BD00918128 /* Base */ = {isa = PBXFileReference; lastKnownFileType = file.storyboard; name = Base; path = Base.lproj/LaunchScreen.storyboard; sourceTree = "<group>"; };
		9C67253A21BFD2BD00918128 /* Info.plist */ = {isa = PBXFileReference; lastKnownFileType = text.plist.xml; path = Info.plist; sourceTree = "<group>"; };
		9C67254321BFD62500918128 /* AddCityViewController.swift */ = {isa = PBXFileReference; lastKnownFileType = sourcecode.swift; path = AddCityViewController.swift; sourceTree = "<group>"; };
		9C67254521BFD67A00918128 /* WeatherUpdatesTableViewController.swift */ = {isa = PBXFileReference; lastKnownFileType = sourcecode.swift; path = WeatherUpdatesTableViewController.swift; sourceTree = "<group>"; };
		9CA2400B21C97BDD00690A13 /* Webservice.swift */ = {isa = PBXFileReference; lastKnownFileType = sourcecode.swift; path = Webservice.swift; sourceTree = "<group>"; };
		9CA2400E21C9A5E900690A13 /* WeatherListViewModel.swift */ = {isa = PBXFileReference; lastKnownFileType = sourcecode.swift; path = WeatherListViewModel.swift; sourceTree = "<group>"; };
/* End PBXFileReference section */

/* Begin PBXFrameworksBuildPhase section */
		9C67252821BFD2BB00918128 /* Frameworks */ = {
			isa = PBXFrameworksBuildPhase;
			buildActionMask = 2147483647;
			files = (
			);
			runOnlyForDeploymentPostprocessing = 0;
		};
/* End PBXFrameworksBuildPhase section */

/* Begin PBXGroup section */
		9C254F5821C9E3C700028993 /* Extensions */ = {
			isa = PBXGroup;
			children = (
				9C254F5921C9E3E500028993 /* Double+Extensions.swift */,
			);
			path = Extensions;
			sourceTree = "<group>";
		};
		9C67252221BFD2BB00918128 = {
			isa = PBXGroup;
			children = (
				9C67252D21BFD2BB00918128 /* MVVM_WeatherApplication */,
				9C67252C21BFD2BB00918128 /* Products */,
			);
			sourceTree = "<group>";
		};
		9C67252C21BFD2BB00918128 /* Products */ = {
			isa = PBXGroup;
			children = (
				9C67252B21BFD2BB00918128 /* MVVM_WeatherApplication.app */,
			);
			name = Products;
			sourceTree = "<group>";
		};
		9C67252D21BFD2BB00918128 /* MVVM_WeatherApplication */ = {
			isa = PBXGroup;
			children = (
				9C254F5821C9E3C700028993 /* Extensions */,
				9CA2400D21C9A59900690A13 /* ViewModels */,
				9CA2400A21C97B7B00690A13 /* Service */,
				9C67254021BFD5DB00918128 /* Controllers */,
				9C67252E21BFD2BB00918128 /* AppDelegate.swift */,
				9C67253221BFD2BB00918128 /* Main.storyboard */,
				9C67253521BFD2BD00918128 /* Assets.xcassets */,
				9C67253721BFD2BD00918128 /* LaunchScreen.storyboard */,
				9C67253A21BFD2BD00918128 /* Info.plist */,
			);
			path = MVVM_WeatherApplication;
			sourceTree = "<group>";
		};
		9C67254021BFD5DB00918128 /* Controllers */ = {
			isa = PBXGroup;
			children = (
				9C67254521BFD67A00918128 /* WeatherUpdatesTableViewController.swift */,
				9C67254321BFD62500918128 /* AddCityViewController.swift */,
				9C254F5B21C9EFBE00028993 /* SettingsTableViewController.swift */,
			);
			path = Controllers;
			sourceTree = "<group>";
		};
		9CA2400A21C97B7B00690A13 /* Service */ = {
			isa = PBXGroup;
			children = (
				9CA2400B21C97BDD00690A13 /* Webservice.swift */,
			);
			path = Service;
			sourceTree = "<group>";
		};
		9CA2400D21C9A59900690A13 /* ViewModels */ = {
			isa = PBXGroup;
			children = (
				9CA2400E21C9A5E900690A13 /* WeatherListViewModel.swift */,
				9C254F5D21C9F18800028993 /* SettingsViewModel.swift */,
			);
			path = ViewModels;
			sourceTree = "<group>";
		};
/* End PBXGroup section */

/* Begin PBXNativeTarget section */
		9C67252A21BFD2BB00918128 /* MVVM_WeatherApplication */ = {
			isa = PBXNativeTarget;
			buildConfigurationList = 9C67253D21BFD2BD00918128 /* Build configuration list for PBXNativeTarget "MVVM_WeatherApplication" */;
			buildPhases = (
				9C67252721BFD2BB00918128 /* Sources */,
				9C67252821BFD2BB00918128 /* Frameworks */,
				9C67252921BFD2BB00918128 /* Resources */,
			);
			buildRules = (
			);
			dependencies = (
			);
			name = MVVM_WeatherApplication;
			productName = MVVM_WeatherApplication;
			productReference = 9C67252B21BFD2BB00918128 /* MVVM_WeatherApplication.app */;
			productType = "com.apple.product-type.application";
		};
/* End PBXNativeTarget section */

/* Begin PBXProject section */
		9C67252321BFD2BB00918128 /* Project object */ = {
			isa = PBXProject;
			attributes = {
				LastSwiftUpdateCheck = 1010;
				LastUpgradeCheck = 1010;
				ORGANIZATIONNAME = "Pranalee Jadhav";
				TargetAttributes = {
					9C67252A21BFD2BB00918128 = {
						CreatedOnToolsVersion = 10.1;
					};
				};
			};
			buildConfigurationList = 9C67252621BFD2BB00918128 /* Build configuration list for PBXProject "MVVM_WeatherApplication" */;
			compatibilityVersion = "Xcode 9.3";
			developmentRegion = en;
			hasScannedForEncodings = 0;
			knownRegions = (
				en,
				Base,
			);
			mainGroup = 9C67252221BFD2BB00918128;
			productRefGroup = 9C67252C21BFD2BB00918128 /* Products */;
			projectDirPath = "";
			projectRoot = "";
			targets = (
				9C67252A21BFD2BB00918128 /* MVVM_WeatherApplication */,
			);
		};
/* End PBXProject section */

/* Begin PBXResourcesBuildPhase section */
		9C67252921BFD2BB00918128 /* Resources */ = {
			isa = PBXResourcesBuildPhase;
			buildActionMask = 2147483647;
			files = (
				9C67253921BFD2BD00918128 /* LaunchScreen.storyboard in Resources */,
				9C67253621BFD2BD00918128 /* Assets.xcassets in Resources */,
				9C67253421BFD2BB00918128 /* Main.storyboard in Resources */,
			);
			runOnlyForDeploymentPostprocessing = 0;
		};
/* End PBXResourcesBuildPhase section */

/* Begin PBXSourcesBuildPhase section */
		9C67252721BFD2BB00918128 /* Sources */ = {
			isa = PBXSourcesBuildPhase;
			buildActionMask = 2147483647;
			files = (
				9C254F5A21C9E3E500028993 /* Double+Extensions.swift in Sources */,
				9C67254621BFD67A00918128 /* WeatherUpdatesTableViewController.swift in Sources */,
				9C67254421BFD62500918128 /* AddCityViewController.swift in Sources */,
				9CA2400C21C97BDD00690A13 /* Webservice.swift in Sources */,
				9C67252F21BFD2BB00918128 /* AppDelegate.swift in Sources */,
				9CA2400F21C9A5E900690A13 /* WeatherListViewModel.swift in Sources */,
				9C254F5C21C9EFBE00028993 /* SettingsTableViewController.swift in Sources */,
				9C254F5E21C9F18800028993 /* SettingsViewModel.swift in Sources */,
			);
			runOnlyForDeploymentPostprocessing = 0;
		};
/* End PBXSourcesBuildPhase section */

/* Begin PBXVariantGroup section */
		9C67253221BFD2BB00918128 /* Main.storyboard */ = {
			isa = PBXVariantGroup;
			children = (
				9C67253321BFD2BB00918128 /* Base */,
			);
			name = Main.storyboard;
			sourceTree = "<group>";
		};
		9C67253721BFD2BD00918128 /* LaunchScreen.storyboard */ = {
			isa = PBXVariantGroup;
			children = (
				9C67253821BFD2BD00918128 /* Base */,
			);
			name = LaunchScreen.storyboard;
			sourceTree = "<group>";
		};
/* End PBXVariantGroup section */

/* Begin XCBuildConfiguration section */
		9C67253B21BFD2BD00918128 /* Debug */ = {
			isa = XCBuildConfiguration;
			buildSettings = {
				ALWAYS_SEARCH_USER_PATHS = NO;
				CLANG_ANALYZER_NONNULL = YES;
				CLANG_ANALYZER_NUMBER_OBJECT_CONVERSION = YES_AGGRESSIVE;
				CLANG_CXX_LANGUAGE_STANDARD = "gnu++14";
				CLANG_CXX_LIBRARY = "libc++";
				CLANG_ENABLE_MODULES = YES;
				CLANG_ENABLE_OBJC_ARC = YES;
				CLANG_ENABLE_OBJC_WEAK = YES;
				CLANG_WARN_BLOCK_CAPTURE_AUTORELEASING = YES;
				CLANG_WARN_BOOL_CONVERSION = YES;
				CLANG_WARN_COMMA = YES;
				CLANG_WARN_CONSTANT_CONVERSION = YES;
				CLANG_WARN_DEPRECATED_OBJC_IMPLEMENTATIONS = YES;
				CLANG_WARN_DIRECT_OBJC_ISA_USAGE = YES_ERROR;
				CLANG_WARN_DOCUMENTATION_COMMENTS = YES;
				CLANG_WARN_EMPTY_BODY = YES;
				CLANG_WARN_ENUM_CONVERSION = YES;
				CLANG_WARN_INFINITE_RECURSION = YES;
				CLANG_WARN_INT_CONVERSION = YES;
				CLANG_WARN_NON_LITERAL_NULL_CONVERSION = YES;
				CLANG_WARN_OBJC_IMPLICIT_RETAIN_SELF = YES;
				CLANG_WARN_OBJC_LITERAL_CONVERSION = YES;
				CLANG_WARN_OBJC_ROOT_CLASS = YES_ERROR;
				CLANG_WARN_RANGE_LOOP_ANALYSIS = YES;
				CLANG_WARN_STRICT_PROTOTYPES = YES;
				CLANG_WARN_SUSPICIOUS_MOVE = YES;
				CLANG_WARN_UNGUARDED_AVAILABILITY = YES_AGGRESSIVE;
				CLANG_WARN_UNREACHABLE_CODE = YES;
				CLANG_WARN__DUPLICATE_METHOD_MATCH = YES;
				CODE_SIGN_IDENTITY = "iPhone Developer";
				COPY_PHASE_STRIP = NO;
				DEBUG_INFORMATION_FORMAT = dwarf;
				ENABLE_STRICT_OBJC_MSGSEND = YES;
				ENABLE_TESTABILITY = YES;
				GCC_C_LANGUAGE_STANDARD = gnu11;
				GCC_DYNAMIC_NO_PIC = NO;
				GCC_NO_COMMON_BLOCKS = YES;
				GCC_OPTIMIZATION_LEVEL = 0;
				GCC_PREPROCESSOR_DEFINITIONS = (
					"DEBUG=1",
					"$(inherited)",
				);
				GCC_WARN_64_TO_32_BIT_CONVERSION = YES;
				GCC_WARN_ABOUT_RETURN_TYPE = YES_ERROR;
				GCC_WARN_UNDECLARED_SELECTOR = YES;
				GCC_WARN_UNINITIALIZED_AUTOS = YES_AGGRESSIVE;
				GCC_WARN_UNUSED_FUNCTION = YES;
				GCC_WARN_UNUSED_VARIABLE = YES;
				IPHONEOS_DEPLOYMENT_TARGET = 12.1;
				MTL_ENABLE_DEBUG_INFO = INCLUDE_SOURCE;
				MTL_FAST_MATH = YES;
				ONLY_ACTIVE_ARCH = YES;
				SDKROOT = iphoneos;
				SWIFT_ACTIVE_COMPILATION_CONDITIONS = DEBUG;
				SWIFT_OPTIMIZATION_LEVEL = "-Onone";
			};
			name = Debug;
		};
		9C67253C21BFD2BD00918128 /* Release */ = {
			isa = XCBuildConfiguration;
			buildSettings = {
				ALWAYS_SEARCH_USER_PATHS = NO;
				CLANG_ANALYZER_NONNULL = YES;
				CLANG_ANALYZER_NUMBER_OBJECT_CONVERSION = YES_AGGRESSIVE;
				CLANG_CXX_LANGUAGE_STANDARD = "gnu++14";
				CLANG_CXX_LIBRARY = "libc++";
				CLANG_ENABLE_MODULES = YES;
				CLANG_ENABLE_OBJC_ARC = YES;
				CLANG_ENABLE_OBJC_WEAK = YES;
				CLANG_WARN_BLOCK_CAPTURE_AUTORELEASING = YES;
				CLANG_WARN_BOOL_CONVERSION = YES;
				CLANG_WARN_COMMA = YES;
				CLANG_WARN_CONSTANT_CONVERSION = YES;
				CLANG_WARN_DEPRECATED_OBJC_IMPLEMENTATIONS = YES;
				CLANG_WARN_DIRECT_OBJC_ISA_USAGE = YES_ERROR;
				CLANG_WARN_DOCUMENTATION_COMMENTS = YES;
				CLANG_WARN_EMPTY_BODY = YES;
				CLANG_WARN_ENUM_CONVERSION = YES;
				CLANG_WARN_INFINITE_RECURSION = YES;
				CLANG_WARN_INT_CONVERSION = YES;
				CLANG_WARN_NON_LITERAL_NULL_CONVERSION = YES;
				CLANG_WARN_OBJC_IMPLICIT_RETAIN_SELF = YES;
				CLANG_WARN_OBJC_LITERAL_CONVERSION = YES;
				CLANG_WARN_OBJC_ROOT_CLASS = YES_ERROR;
				CLANG_WARN_RANGE_LOOP_ANALYSIS = YES;
				CLANG_WARN_STRICT_PROTOTYPES = YES;
				CLANG_WARN_SUSPICIOUS_MOVE = YES;
				CLANG_WARN_UNGUARDED_AVAILABILITY = YES_AGGRESSIVE;
				CLANG_WARN_UNREACHABLE_CODE = YES;
				CLANG_WARN__DUPLICATE_METHOD_MATCH = YES;
				CODE_SIGN_IDENTITY = "iPhone Developer";
				COPY_PHASE_STRIP = NO;
				DEBUG_INFORMATION_FORMAT = "dwarf-with-dsym";
				ENABLE_NS_ASSERTIONS = NO;
				ENABLE_STRICT_OBJC_MSGSEND = YES;
				GCC_C_LANGUAGE_STANDARD = gnu11;
				GCC_NO_COMMON_BLOCKS = YES;
				GCC_WARN_64_TO_32_BIT_CONVERSION = YES;
				GCC_WARN_ABOUT_RETURN_TYPE = YES_ERROR;
				GCC_WARN_UNDECLARED_SELECTOR = YES;
				GCC_WARN_UNINITIALIZED_AUTOS = YES_AGGRESSIVE;
				GCC_WARN_UNUSED_FUNCTION = YES;
				GCC_WARN_UNUSED_VARIABLE = YES;
				IPHONEOS_DEPLOYMENT_TARGET = 12.1;
				MTL_ENABLE_DEBUG_INFO = NO;
				MTL_FAST_MATH = YES;
				SDKROOT = iphoneos;
				SWIFT_COMPILATION_MODE = wholemodule;
				SWIFT_OPTIMIZATION_LEVEL = "-O";
				VALIDATE_PRODUCT = YES;
			};
			name = Release;
		};
		9C67253E21BFD2BD00918128 /* Debug */ = {
			isa = XCBuildConfiguration;
			buildSettings = {
				ASSETCATALOG_COMPILER_APPICON_NAME = AppIcon;
				CODE_SIGN_STYLE = Automatic;
				INFOPLIST_FILE = MVVM_WeatherApplication/Info.plist;
				LD_RUNPATH_SEARCH_PATHS = (
					"$(inherited)",
					"@executable_path/Frameworks",
				);
				PRODUCT_BUNDLE_IDENTIFIER = "com.pranalee.group4.MVVM-WeatherApplication";
				PRODUCT_NAME = "$(TARGET_NAME)";
				SWIFT_VERSION = 4.2;
				TARGETED_DEVICE_FAMILY = "1,2";
			};
			name = Debug;
		};
		9C67253F21BFD2BD00918128 /* Release */ = {
			isa = XCBuildConfiguration;
			buildSettings = {
				ASSETCATALOG_COMPILER_APPICON_NAME = AppIcon;
				CODE_SIGN_STYLE = Automatic;
				INFOPLIST_FILE = MVVM_WeatherApplication/Info.plist;
				LD_RUNPATH_SEARCH_PATHS = (
					"$(inherited)",
					"@executable_path/Frameworks",
				);
				PRODUCT_BUNDLE_IDENTIFIER = "com.pranalee.group4.MVVM-WeatherApplication";
				PRODUCT_NAME = "$(TARGET_NAME)";
				SWIFT_VERSION = 4.2;
				TARGETED_DEVICE_FAMILY = "1,2";
			};
			name = Release;
		};
/* End XCBuildConfiguration section */

/* Begin XCConfigurationList section */
		9C67252621BFD2BB00918128 /* Build configuration list for PBXProject "MVVM_WeatherApplication" */ = {
			isa = XCConfigurationList;
			buildConfigurations = (
				9C67253B21BFD2BD00918128 /* Debug */,
				9C67253C21BFD2BD00918128 /* Release */,
			);
			defaultConfigurationIsVisible = 0;
			defaultConfigurationName = Release;
		};
		9C67253D21BFD2BD00918128 /* Build configuration list for PBXNativeTarget "MVVM_WeatherApplication" */ = {
			isa = XCConfigurationList;
			buildConfigurations = (
				9C67253E21BFD2BD00918128 /* Debug */,
				9C67253F21BFD2BD00918128 /* Release */,
			);
			defaultConfigurationIsVisible = 0;
			defaultConfigurationName = Release;
		};
/* End XCConfigurationList section */
	};
	rootObject = 9C67252321BFD2BB00918128 /* Project object */;
}
